Microsoft Visual Studio Solution File, Format Version 12.00
# Visual Studio Version 17
VisualStudioVersion = 17.5.2.0
MinimumVisualStudioVersion = 10.0.40219.1
Project("{FAE04EC0-301F-11D3-BF4B-00C04F79EFBC}") = "Bicicleta", "Bicicleta.csproj", "{388ADFD0-CD34-1B27-2252-13F837A680DC}"
EndProject
Global
	GlobalSection(SolutionConfigurationPlatforms) = preSolution
		Debug|Any CPU = Debug|Any CPU
		Release|Any CPU = Release|Any CPU
	EndGlobalSection
	GlobalSection(ProjectConfigurationPlatforms) = postSolution
		{388ADFD0-CD34-1B27-2252-13F837A680DC}.Debug|Any CPU.ActiveCfg = Debug|Any CPU
		{388ADFD0-CD34-1B27-2252-13F837A680DC}.Debug|Any CPU.Build.0 = Debug|Any CPU
		{388ADFD0-CD34-1B27-2252-13F837A680DC}.Release|Any CPU.ActiveCfg = Release|Any CPU
		{388ADFD0-CD34-1B27-2252-13F837A680DC}.Release|Any CPU.Build.0 = Release|Any CPU
	EndGlobalSection
	GlobalSection(SolutionProperties) = preSolution
		HideSolutionNode = FALSE
	EndGlobalSection
	GlobalSection(ExtensibilityGlobals) = postSolution
		SolutionGuid = {56CF9B17-8CB9-426E-9B2D-A799F3D5F930}
	EndGlobalSection
EndGlobal
